{
  "nodes": {
    "catppuccin": {
      "locked": {
        "lastModified": 1724469296,
        "narHash": "sha256-p3R4LUNk6gC+fTKRUm9ByXaoRIocnQMwVuJSIxECQ8o=",
        "owner": "catppuccin",
        "repo": "nix",
        "rev": "874e668ddaf3687e8d38ccd0188a641ffefe1cfb",
        "type": "github"
      },
      "original": {
        "owner": "catppuccin",
        "repo": "nix",
        "type": "github"
      }
    },
    "flake-utils": {
      "inputs": {
        "systems": "systems"
      },
      "locked": {
        "lastModified": 1694529238,
        "narHash": "sha256-zsNZZGTGnMOf9YpHKJqMSsa0dXbfmxeoJ7xHlrt+xmY=",
        "owner": "numtide",
        "repo": "flake-utils",
        "rev": "ff7b65b44d01cf9ba6a71320833626af21126384",
        "type": "github"
      },
      "original": {
        "owner": "numtide",
        "repo": "flake-utils",
        "type": "github"
      }
    },
    "home-manager": {
      "inputs": {
        "nixpkgs": [
          "nixpkgs"
        ]
      },
      "locked": {
        "lastModified": 1724435763,
        "narHash": "sha256-UNky3lJNGQtUEXT2OY8gMxejakSWPTfWKvpFkpFlAfM=",
        "owner": "nix-community",
        "repo": "home-manager",
        "rev": "c2cd2a52e02f1dfa1c88f95abeb89298d46023be",
        "type": "github"
      },
      "original": {
        "owner": "nix-community",
        "repo": "home-manager",
        "type": "github"
      }
    },
    "lian-li-control": {
      "inputs": {
        "flake-utils": "flake-utils",
        "nixpkgs": "nixpkgs"
      },
      "locked": {
        "lastModified": 1696232695,
        "narHash": "sha256-HtjsxhRor5THFgz0o8wbL6CvUhbNzYnD770yRQy7alI=",
        "owner": "expipiplus1",
        "repo": "lian-li-control",
        "rev": "9dad5509d747f7d7be7b481f4bc6f826952c5352",
        "type": "github"
      },
      "original": {
        "owner": "expipiplus1",
        "repo": "lian-li-control",
        "type": "github"
      }
    },
    "nixpkgs": {
      "locked": {
        "lastModified": 1695830400,
        "narHash": "sha256-gToZXQVr0G/1WriO83olnqrLSHF2Jb8BPcmCt497ro0=",
        "owner": "NixOS",
        "repo": "nixpkgs",
        "rev": "8a86b98f0ba1c405358f1b71ff8b5e1d317f5db2",
        "type": "github"
      },
      "original": {
        "owner": "NixOS",
        "ref": "nixos-unstable",
        "repo": "nixpkgs",
        "type": "github"
      }
    },
    "nixpkgs_2": {
      "locked": {
        "lastModified": 1725099143,
        "narHash": "sha256-CHgumPZaC7z+WYx72WgaLt2XF0yUVzJS60rO4GZ7ytY=",
        "owner": "NixOS",
        "repo": "nixpkgs",
        "rev": "5629520edecb69630a3f4d17d3d33fc96c13f6fe",
        "type": "github"
      },
      "original": {
        "owner": "NixOS",
        "ref": "nixpkgs-unstable",
        "repo": "nixpkgs",
        "type": "github"
      }
    },
    "root": {
      "inputs": {
        "catppuccin": "catppuccin",
        "home-manager": "home-manager",
        "lian-li-control": "lian-li-control",
        "nixpkgs": "nixpkgs_2"
      }
    },
    "systems": {
      "locked": {
        "lastModified": 1681028828,
        "narHash": "sha256-Vy1rq5AaRuLzOxct8nz4T6wlgyUR7zLU309k9mBC768=",
        "owner": "nix-systems",
        "repo": "default",
        "rev": "da67096a3b9bf56a91d16901293e51ba5b49a27e",
        "type": "github"
      },
      "original": {
        "owner": "nix-systems",
        "repo": "default",
        "type": "github"
      }
    }
  },
  "root": "root",
  "version": 7
}
